// !$*UTF8*$!
{
	archiveVersion = 1;
	classes = {
	};
	objectVersion = 56;
	objects = {

/* Begin PBXBuildFile section */
		86C467F82A32F54700F81EBA /* DuneScribeApp.swift in Sources */ = {isa = PBXBuildFile; fileRef = 86C467F72A32F54700F81EBA /* DuneScribeApp.swift */; };
		86C467FA2A32F54700F81EBA /* ContentView.swift in Sources */ = {isa = PBXBuildFile; fileRef = 86C467F92A32F54700F81EBA /* ContentView.swift */; };
		86C467FC2A32F54B00F81EBA /* Assets.xcassets in Resources */ = {isa = PBXBuildFile; fileRef = 86C467FB2A32F54B00F81EBA /* Assets.xcassets */; };
		86C467FF2A32F54B00F81EBA /* Preview Assets.xcassets in Resources */ = {isa = PBXBuildFile; fileRef = 86C467FE2A32F54B00F81EBA /* Preview Assets.xcassets */; };
		86C468092A32F54C00F81EBA /* DuneScribeTests.swift in Sources */ = {isa = PBXBuildFile; fileRef = 86C468082A32F54C00F81EBA /* DuneScribeTests.swift */; };
		86C468132A32F54C00F81EBA /* DuneScribeUITests.swift in Sources */ = {isa = PBXBuildFile; fileRef = 86C468122A32F54C00F81EBA /* DuneScribeUITests.swift */; };
		86C468152A32F54C00F81EBA /* DuneScribeUITestsLaunchTests.swift in Sources */ = {isa = PBXBuildFile; fileRef = 86C468142A32F54C00F81EBA /* DuneScribeUITestsLaunchTests.swift */; };
/* End PBXBuildFile section */

/* Begin PBXContainerItemProxy section */
		86C468052A32F54C00F81EBA /* PBXContainerItemProxy */ = {
			isa = PBXContainerItemProxy;
			containerPortal = 86C467EC2A32F54700F81EBA /* Project object */;
			proxyType = 1;
			remoteGlobalIDString = 86C467F32A32F54700F81EBA;
			remoteInfo = DuneScribe;
		};
		86C4680F2A32F54C00F81EBA /* PBXContainerItemProxy */ = {
			isa = PBXContainerItemProxy;
			containerPortal = 86C467EC2A32F54700F81EBA /* Project object */;
			proxyType = 1;
			remoteGlobalIDString = 86C467F32A32F54700F81EBA;
			remoteInfo = DuneScribe;
		};
/* End PBXContainerItemProxy section */

/* Begin PBXFileReference section */
		86C467F42A32F54700F81EBA /* DuneScribe.app */ = {isa = PBXFileReference; explicitFileType = wrapper.application; includeInIndex = 0; path = DuneScribe.app; sourceTree = BUILT_PRODUCTS_DIR; };
		86C467F72A32F54700F81EBA /* DuneScribeApp.swift */ = {isa = PBXFileReference; lastKnownFileType = sourcecode.swift; path = DuneScribeApp.swift; sourceTree = "<group>"; };
		86C467F92A32F54700F81EBA /* ContentView.swift */ = {isa = PBXFileReference; lastKnownFileType = sourcecode.swift; path = ContentView.swift; sourceTree = "<group>"; };
		86C467FB2A32F54B00F81EBA /* Assets.xcassets */ = {isa = PBXFileReference; lastKnownFileType = folder.assetcatalog; path = Assets.xcassets; sourceTree = "<group>"; };
		86C467FE2A32F54B00F81EBA /* Preview Assets.xcassets */ = {isa = PBXFileReference; lastKnownFileType = folder.assetcatalog; path = "Preview Assets.xcassets"; sourceTree = "<group>"; };
		86C468042A32F54C00F81EBA /* DuneScribeTests.xctest */ = {isa = PBXFileReference; explicitFileType = wrapper.cfbundle; includeInIndex = 0; path = DuneScribeTests.xctest; sourceTree = BUILT_PRODUCTS_DIR; };
		86C468082A32F54C00F81EBA /* DuneScribeTests.swift */ = {isa = PBXFileReference; lastKnownFileType = sourcecode.swift; path = DuneScribeTests.swift; sourceTree = "<group>"; };
		86C4680E2A32F54C00F81EBA /* DuneScribeUITests.xctest */ = {isa = PBXFileReference; explicitFileType = wrapper.cfbundle; includeInIndex = 0; path = DuneScribeUITests.xctest; sourceTree = BUILT_PRODUCTS_DIR; };
		86C468122A32F54C00F81EBA /* DuneScribeUITests.swift */ = {isa = PBXFileReference; lastKnownFileType = sourcecode.swift; path = DuneScribeUITests.swift; sourceTree = "<group>"; };
		86C468142A32F54C00F81EBA /* DuneScribeUITestsLaunchTests.swift */ = {isa = PBXFileReference; lastKnownFileType = sourcecode.swift; path = DuneScribeUITestsLaunchTests.swift; sourceTree = "<group>"; };
/* End PBXFileReference section */

/* Begin PBXFrameworksBuildPhase section */
		86C467F12A32F54700F81EBA /* Frameworks */ = {
			isa = PBXFrameworksBuildPhase;
			buildActionMask = 2147483647;
			files = (
			);
			runOnlyForDeploymentPostprocessing = 0;
		};
		86C468012A32F54C00F81EBA /* Frameworks */ = {
			isa = PBXFrameworksBuildPhase;
			buildActionMask = 2147483647;
			files = (
			);
			runOnlyForDeploymentPostprocessing = 0;
		};
		86C4680B2A32F54C00F81EBA /* Frameworks */ = {
			isa = PBXFrameworksBuildPhase;
			buildActionMask = 2147483647;
			files = (
			);
			runOnlyForDeploymentPostprocessing = 0;
		};
/* End PBXFrameworksBuildPhase section */

/* Begin PBXGroup section */
		86C467EB2A32F54700F81EBA = {
			isa = PBXGroup;
			children = (
				86C467F62A32F54700F81EBA /* DuneScribe */,
				86C468072A32F54C00F81EBA /* DuneScribeTests */,
				86C468112A32F54C00F81EBA /* DuneScribeUITests */,
				86C467F52A32F54700F81EBA /* Products */,
			);
			sourceTree = "<group>";
		};
		86C467F52A32F54700F81EBA /* Products */ = {
			isa = PBXGroup;
			children = (
				86C467F42A32F54700F81EBA /* DuneScribe.app */,
				86C468042A32F54C00F81EBA /* DuneScribeTests.xctest */,
				86C4680E2A32F54C00F81EBA /* DuneScribeUITests.xctest */,
			);
			name = Products;
			sourceTree = "<group>";
		};
		86C467F62A32F54700F81EBA /* DuneScribe */ = {
			isa = PBXGroup;
			children = (
				86C467F72A32F54700F81EBA /* DuneScribeApp.swift */,
				86C467F92A32F54700F81EBA /* ContentView.swift */,
				86C467FB2A32F54B00F81EBA /* Assets.xcassets */,
				86C467FD2A32F54B00F81EBA /* Preview Content */,
			);
			path = DuneScribe;
			sourceTree = "<group>";
		};
		86C467FD2A32F54B00F81EBA /* Preview Content */ = {
			isa = PBXGroup;
			children = (
				86C467FE2A32F54B00F81EBA /* Preview Assets.xcassets */,
			);
			path = "Preview Content";
			sourceTree = "<group>";
		};
		86C468072A32F54C00F81EBA /* DuneScribeTests */ = {
			isa = PBXGroup;
			children = (
				86C468082A32F54C00F81EBA /* DuneScribeTests.swift */,
			);
			path = DuneScribeTests;
			sourceTree = "<group>";
		};
		86C468112A32F54C00F81EBA /* DuneScribeUITests */ = {
			isa = PBXGroup;
			children = (
				86C468122A32F54C00F81EBA /* DuneScribeUITests.swift */,
				86C468142A32F54C00F81EBA /* DuneScribeUITestsLaunchTests.swift */,
			);
			path = DuneScribeUITests;
			sourceTree = "<group>";
		};
/* End PBXGroup section */

/* Begin PBXNativeTarget section */
		86C467F32A32F54700F81EBA /* DuneScribe */ = {
			isa = PBXNativeTarget;
			buildConfigurationList = 86C468182A32F54C00F81EBA /* Build configuration list for PBXNativeTarget "DuneScribe" */;
			buildPhases = (
				86C467F02A32F54700F81EBA /* Sources */,
				86C467F12A32F54700F81EBA /* Frameworks */,
				86C467F22A32F54700F81EBA /* Resources */,
			);
			buildRules = (
			);
			dependencies = (
			);
			name = DuneScribe;
			productName = DuneScribe;
			productReference = 86C467F42A32F54700F81EBA /* DuneScribe.app */;
			productType = "com.apple.product-type.application";
		};
		86C468032A32F54C00F81EBA /* DuneScribeTests */ = {
			isa = PBXNativeTarget;
			buildConfigurationList = 86C4681B2A32F54C00F81EBA /* Build configuration list for PBXNativeTarget "DuneScribeTests" */;
			buildPhases = (
				86C468002A32F54C00F81EBA /* Sources */,
				86C468012A32F54C00F81EBA /* Frameworks */,
				86C468022A32F54C00F81EBA /* Resources */,
			);
			buildRules = (
			);
			dependencies = (
				86C468062A32F54C00F81EBA /* PBXTargetDependency */,
			);
			name = DuneScribeTests;
			productName = DuneScribeTests;
			productReference = 86C468042A32F54C00F81EBA /* DuneScribeTests.xctest */;
			productType = "com.apple.product-type.bundle.unit-test";
		};
		86C4680D2A32F54C00F81EBA /* DuneScribeUITests */ = {
			isa = PBXNativeTarget;
			buildConfigurationList = 86C4681E2A32F54C00F81EBA /* Build configuration list for PBXNativeTarget "DuneScribeUITests" */;
			buildPhases = (
				86C4680A2A32F54C00F81EBA /* Sources */,
				86C4680B2A32F54C00F81EBA /* Frameworks */,
				86C4680C2A32F54C00F81EBA /* Resources */,
			);
			buildRules = (
			);
			dependencies = (
				86C468102A32F54C00F81EBA /* PBXTargetDependency */,
			);
			name = DuneScribeUITests;
			productName = DuneScribeUITests;
			productReference = 86C4680E2A32F54C00F81EBA /* DuneScribeUITests.xctest */;
			productType = "com.apple.product-type.bundle.ui-testing";
		};
/* End PBXNativeTarget section */

/* Begin PBXProject section */
		86C467EC2A32F54700F81EBA /* Project object */ = {
			isa = PBXProject;
			attributes = {
				BuildIndependentTargetsInParallel = 1;
				LastSwiftUpdateCheck = 1420;
				LastUpgradeCheck = 1420;
				TargetAttributes = {
					86C467F32A32F54700F81EBA = {
						CreatedOnToolsVersion = 14.2;
					};
					86C468032A32F54C00F81EBA = {
						CreatedOnToolsVersion = 14.2;
						TestTargetID = 86C467F32A32F54700F81EBA;
					};
					86C4680D2A32F54C00F81EBA = {
						CreatedOnToolsVersion = 14.2;
						TestTargetID = 86C467F32A32F54700F81EBA;
					};
				};
			};
			buildConfigurationList = 86C467EF2A32F54700F81EBA /* Build configuration list for PBXProject "DuneScribe" */;
			compatibilityVersion = "Xcode 14.0";
			developmentRegion = en;
			hasScannedForEncodings = 0;
			knownRegions = (
				en,
				Base,
			);
			mainGroup = 86C467EB2A32F54700F81EBA;
			productRefGroup = 86C467F52A32F54700F81EBA /* Products */;
			projectDirPath = "";
			projectRoot = "";
			targets = (
				86C467F32A32F54700F81EBA /* DuneScribe */,
				86C468032A32F54C00F81EBA /* DuneScribeTests */,
				86C4680D2A32F54C00F81EBA /* DuneScribeUITests */,
			);
		};
/* End PBXProject section */

/* Begin PBXResourcesBuildPhase section */
		86C467F22A32F54700F81EBA /* Resources */ = {
			isa = PBXResourcesBuildPhase;
			buildActionMask = 2147483647;
			files = (
				86C467FF2A32F54B00F81EBA /* Preview Assets.xcassets in Resources */,
				86C467FC2A32F54B00F81EBA /* Assets.xcassets in Resources */,
			);
			runOnlyForDeploymentPostprocessing = 0;
		};
		86C468022A32F54C00F81EBA /* Resources */ = {
			isa = PBXResourcesBuildPhase;
			buildActionMask = 2147483647;
			files = (
			);
			runOnlyForDeploymentPostprocessing = 0;
		};
		86C4680C2A32F54C00F81EBA /* Resources */ = {
			isa = PBXResourcesBuildPhase;
			buildActionMask = 2147483647;
			files = (
			);
			runOnlyForDeploymentPostprocessing = 0;
		};
/* End PBXResourcesBuildPhase section */

/* Begin PBXSourcesBuildPhase section */
		86C467F02A32F54700F81EBA /* Sources */ = {
			isa = PBXSourcesBuildPhase;
			buildActionMask = 2147483647;
			files = (
				86C467FA2A32F54700F81EBA /* ContentView.swift in Sources */,
				86C467F82A32F54700F81EBA /* DuneScribeApp.swift in Sources */,
			);
			runOnlyForDeploymentPostprocessing = 0;
		};
		86C468002A32F54C00F81EBA /* Sources */ = {
			isa = PBXSourcesBuildPhase;
			buildActionMask = 2147483647;
			files = (
				86C468092A32F54C00F81EBA /* DuneScribeTests.swift in Sources */,
			);
			runOnlyForDeploymentPostprocessing = 0;
		};
		86C4680A2A32F54C00F81EBA /* Sources */ = {
			isa = PBXSourcesBuildPhase;
			buildActionMask = 2147483647;
			files = (
				86C468152A32F54C00F81EBA /* DuneScribeUITestsLaunchTests.swift in Sources */,
				86C468132A32F54C00F81EBA /* DuneScribeUITests.swift in Sources */,
			);
			runOnlyForDeploymentPostprocessing = 0;
		};
/* End PBXSourcesBuildPhase section */

/* Begin PBXTargetDependency section */
		86C468062A32F54C00F81EBA /* PBXTargetDependency */ = {
			isa = PBXTargetDependency;
			target = 86C467F32A32F54700F81EBA /* DuneScribe */;
			targetProxy = 86C468052A32F54C00F81EBA /* PBXContainerItemProxy */;
		};
		86C468102A32F54C00F81EBA /* PBXTargetDependency */ = {
			isa = PBXTargetDependency;
			target = 86C467F32A32F54700F81EBA /* DuneScribe */;
			targetProxy = 86C4680F2A32F54C00F81EBA /* PBXContainerItemProxy */;
		};
/* End PBXTargetDependency section */

/* Begin XCBuildConfiguration section */
		86C468162A32F54C00F81EBA /* Debug */ = {
			isa = XCBuildConfiguration;
			buildSettings = {
				ALWAYS_SEARCH_USER_PATHS = NO;
				CLANG_ANALYZER_NONNULL = YES;
				CLANG_ANALYZER_NUMBER_OBJECT_CONVERSION = YES_AGGRESSIVE;
				CLANG_CXX_LANGUAGE_STANDARD = "gnu++20";
				CLANG_ENABLE_MODULES = YES;
				CLANG_ENABLE_OBJC_ARC = YES;
				CLANG_ENABLE_OBJC_WEAK = YES;
				CLANG_WARN_BLOCK_CAPTURE_AUTORELEASING = YES;
				CLANG_WARN_BOOL_CONVERSION = YES;
				CLANG_WARN_COMMA = YES;
				CLANG_WARN_CONSTANT_CONVERSION = YES;
				CLANG_WARN_DEPRECATED_OBJC_IMPLEMENTATIONS = YES;
				CLANG_WARN_DIRECT_OBJC_ISA_USAGE = YES_ERROR;
				CLANG_WARN_DOCUMENTATION_COMMENTS = YES;
				CLANG_WARN_EMPTY_BODY = YES;
				CLANG_WARN_ENUM_CONVERSION = YES;
				CLANG_WARN_INFINITE_RECURSION = YES;
				CLANG_WARN_INT_CONVERSION = YES;
				CLANG_WARN_NON_LITERAL_NULL_CONVERSION = YES;
				CLANG_WARN_OBJC_IMPLICIT_RETAIN_SELF = YES;
				CLANG_WARN_OBJC_LITERAL_CONVERSION = YES;
				CLANG_WARN_OBJC_ROOT_CLASS = YES_ERROR;
				CLANG_WARN_QUOTED_INCLUDE_IN_FRAMEWORK_HEADER = YES;
				CLANG_WARN_RANGE_LOOP_ANALYSIS = YES;
				CLANG_WARN_STRICT_PROTOTYPES = YES;
				CLANG_WARN_SUSPICIOUS_MOVE = YES;
				CLANG_WARN_UNGUARDED_AVAILABILITY = YES_AGGRESSIVE;
				CLANG_WARN_UNREACHABLE_CODE = YES;
				CLANG_WARN__DUPLICATE_METHOD_MATCH = YES;
				COPY_PHASE_STRIP = NO;
				DEBUG_INFORMATION_FORMAT = dwarf;
				ENABLE_STRICT_OBJC_MSGSEND = YES;
				ENABLE_TESTABILITY = YES;
				GCC_C_LANGUAGE_STANDARD = gnu11;
				GCC_DYNAMIC_NO_PIC = NO;
				GCC_NO_COMMON_BLOCKS = YES;
				GCC_OPTIMIZATION_LEVEL = 0;
				GCC_PREPROCESSOR_DEFINITIONS = (
					"DEBUG=1",
					"$(inherited)",
				);
				GCC_WARN_64_TO_32_BIT_CONVERSION = YES;
				GCC_WARN_ABOUT_RETURN_TYPE = YES_ERROR;
				GCC_WARN_UNDECLARED_SELECTOR = YES;
				GCC_WARN_UNINITIALIZED_AUTOS = YES_AGGRESSIVE;
				GCC_WARN_UNUSED_FUNCTION = YES;
				GCC_WARN_UNUSED_VARIABLE = YES;
				IPHONEOS_DEPLOYMENT_TARGET = 16.2;
				MTL_ENABLE_DEBUG_INFO = INCLUDE_SOURCE;
				MTL_FAST_MATH = YES;
				ONLY_ACTIVE_ARCH = YES;
				SDKROOT = iphoneos;
				SWIFT_ACTIVE_COMPILATION_CONDITIONS = DEBUG;
				SWIFT_OPTIMIZATION_LEVEL = "-Onone";
			};
			name = Debug;
		};
		86C468172A32F54C00F81EBA /* Release */ = {
			isa = XCBuildConfiguration;
			buildSettings = {
				ALWAYS_SEARCH_USER_PATHS = NO;
				CLANG_ANALYZER_NONNULL = YES;
				CLANG_ANALYZER_NUMBER_OBJECT_CONVERSION = YES_AGGRESSIVE;
				CLANG_CXX_LANGUAGE_STANDARD = "gnu++20";
				CLANG_ENABLE_MODULES = YES;
				CLANG_ENABLE_OBJC_ARC = YES;
				CLANG_ENABLE_OBJC_WEAK = YES;
				CLANG_WARN_BLOCK_CAPTURE_AUTORELEASING = YES;
				CLANG_WARN_BOOL_CONVERSION = YES;
				CLANG_WARN_COMMA = YES;
				CLANG_WARN_CONSTANT_CONVERSION = YES;
				CLANG_WARN_DEPRECATED_OBJC_IMPLEMENTATIONS = YES;
				CLANG_WARN_DIRECT_OBJC_ISA_USAGE = YES_ERROR;
				CLANG_WARN_DOCUMENTATION_COMMENTS = YES;
				CLANG_WARN_EMPTY_BODY = YES;
				CLANG_WARN_ENUM_CONVERSION = YES;
				CLANG_WARN_INFINITE_RECURSION = YES;
				CLANG_WARN_INT_CONVERSION = YES;
				CLANG_WARN_NON_LITERAL_NULL_CONVERSION = YES;
				CLANG_WARN_OBJC_IMPLICIT_RETAIN_SELF = YES;
				CLANG_WARN_OBJC_LITERAL_CONVERSION = YES;
				CLANG_WARN_OBJC_ROOT_CLASS = YES_ERROR;
				CLANG_WARN_QUOTED_INCLUDE_IN_FRAMEWORK_HEADER = YES;
				CLANG_WARN_RANGE_LOOP_ANALYSIS = YES;
				CLANG_WARN_STRICT_PROTOTYPES = YES;
				CLANG_WARN_SUSPICIOUS_MOVE = YES;
				CLANG_WARN_UNGUARDED_AVAILABILITY = YES_AGGRESSIVE;
				CLANG_WARN_UNREACHABLE_CODE = YES;
				CLANG_WARN__DUPLICATE_METHOD_MATCH = YES;
				COPY_PHASE_STRIP = NO;
				DEBUG_INFORMATION_FORMAT = "dwarf-with-dsym";
				ENABLE_NS_ASSERTIONS = NO;
				ENABLE_STRICT_OBJC_MSGSEND = YES;
				GCC_C_LANGUAGE_STANDARD = gnu11;
				GCC_NO_COMMON_BLOCKS = YES;
				GCC_WARN_64_TO_32_BIT_CONVERSION = YES;
				GCC_WARN_ABOUT_RETURN_TYPE = YES_ERROR;
				GCC_WARN_UNDECLARED_SELECTOR = YES;
				GCC_WARN_UNINITIALIZED_AUTOS = YES_AGGRESSIVE;
				GCC_WARN_UNUSED_FUNCTION = YES;
				GCC_WARN_UNUSED_VARIABLE = YES;
				IPHONEOS_DEPLOYMENT_TARGET = 16.2;
				MTL_ENABLE_DEBUG_INFO = NO;
				MTL_FAST_MATH = YES;
				SDKROOT = iphoneos;
				SWIFT_COMPILATION_MODE = wholemodule;
				SWIFT_OPTIMIZATION_LEVEL = "-O";
				VALIDATE_PRODUCT = YES;
			};
			name = Release;
		};
		86C468192A32F54C00F81EBA /* Debug */ = {
			isa = XCBuildConfiguration;
			buildSettings = {
				ASSETCATALOG_COMPILER_APPICON_NAME = AppIcon;
				ASSETCATALOG_COMPILER_GLOBAL_ACCENT_COLOR_NAME = AccentColor;
				CODE_SIGN_STYLE = Automatic;
				CURRENT_PROJECT_VERSION = 1;
				DEVELOPMENT_ASSET_PATHS = "\"DuneScribe/Preview Content\"";
				DEVELOPMENT_TEAM = 573QX86S42;
				ENABLE_PREVIEWS = YES;
				GENERATE_INFOPLIST_FILE = YES;
				INFOPLIST_KEY_CFBundleDisplayName = DuneScribe;
				INFOPLIST_KEY_LSApplicationCategoryType = "public.app-category.productivity";
				INFOPLIST_KEY_UIApplicationSceneManifest_Generation = YES;
				INFOPLIST_KEY_UIApplicationSupportsIndirectInputEvents = YES;
				INFOPLIST_KEY_UILaunchScreen_Generation = YES;
				INFOPLIST_KEY_UISupportedInterfaceOrientations_iPad = "UIInterfaceOrientationPortrait UIInterfaceOrientationPortraitUpsideDown UIInterfaceOrientationLandscapeLeft UIInterfaceOrientationLandscapeRight";
				INFOPLIST_KEY_UISupportedInterfaceOrientations_iPhone = "UIInterfaceOrientationPortrait UIInterfaceOrientationLandscapeLeft UIInterfaceOrientationLandscapeRight";
				LD_RUNPATH_SEARCH_PATHS = (
					"$(inherited)",
					"@executable_path/Frameworks",
				);
				MARKETING_VERSION = 0.0;
				PRODUCT_BUNDLE_IDENTIFIER = wrongsyntax.DuneScribe;
				PRODUCT_NAME = "$(TARGET_NAME)";
				SUPPORTED_PLATFORMS = "iphoneos iphonesimulator";
				SUPPORTS_MACCATALYST = NO;
				SUPPORTS_MAC_DESIGNED_FOR_IPHONE_IPAD = NO;
				SWIFT_EMIT_LOC_STRINGS = YES;
				SWIFT_VERSION = 5.0;
				TARGETED_DEVICE_FAMILY = 2;
			};
			name = Debug;
		};
		86C4681A2A32F54C00F81EBA /* Release */ = {
			isa = XCBuildConfiguration;
			buildSettings = {
				ASSETCATALOG_COMPILER_APPICON_NAME = AppIcon;
				ASSETCATALOG_COMPILER_GLOBAL_ACCENT_COLOR_NAME = AccentColor;
				CODE_SIGN_STYLE = Automatic;
				CURRENT_PROJECT_VERSION = 1;
				DEVELOPMENT_ASSET_PATHS = "\"DuneScribe/Preview Content\"";
				DEVELOPMENT_TEAM = 573QX86S42;
				ENABLE_PREVIEWS = YES;
				GENERATE_INFOPLIST_FILE = YES;
				INFOPLIST_KEY_CFBundleDisplayName = DuneScribe;
				INFOPLIST_KEY_LSApplicationCategoryType = "public.app-category.productivity";
				INFOPLIST_KEY_UIApplicationSceneManifest_Generation = YES;
				INFOPLIST_KEY_UIApplicationSupportsIndirectInputEvents = YES;
				INFOPLIST_KEY_UILaunchScreen_Generation = YES;
				INFOPLIST_KEY_UISupportedInterfaceOrientations_iPad = "UIInterfaceOrientationPortrait UIInterfaceOrientationPortraitUpsideDown UIInterfaceOrientationLandscapeLeft UIInterfaceOrientationLandscapeRight";
				INFOPLIST_KEY_UISupportedInterfaceOrientations_iPhone = "UIInterfaceOrientationPortrait UIInterfaceOrientationLandscapeLeft UIInterfaceOrientationLandscapeRight";
				LD_RUNPATH_SEARCH_PATHS = (
					"$(inherited)",
					"@executable_path/Frameworks",
				);
				MARKETING_VERSION = 0.0;
				PRODUCT_BUNDLE_IDENTIFIER = wrongsyntax.DuneScribe;
				PRODUCT_NAME = "$(TARGET_NAME)";
				SUPPORTED_PLATFORMS = "iphoneos iphonesimulator";
				SUPPORTS_MACCATALYST = NO;
				SUPPORTS_MAC_DESIGNED_FOR_IPHONE_IPAD = NO;
				SWIFT_EMIT_LOC_STRINGS = YES;
				SWIFT_VERSION = 5.0;
				TARGETED_DEVICE_FAMILY = 2;
			};
			name = Release;
		};
		86C4681C2A32F54C00F81EBA /* Debug */ = {
			isa = XCBuildConfiguration;
			buildSettings = {
				ALWAYS_EMBED_SWIFT_STANDARD_LIBRARIES = YES;
				BUNDLE_LOADER = "$(TEST_HOST)";
				CODE_SIGN_STYLE = Automatic;
				CURRENT_PROJECT_VERSION = 1;
				DEVELOPMENT_TEAM = 573QX86S42;
				GENERATE_INFOPLIST_FILE = YES;
				IPHONEOS_DEPLOYMENT_TARGET = 16.2;
				MARKETING_VERSION = 1.0;
				PRODUCT_BUNDLE_IDENTIFIER = wrongsyntax.DuneScribeTests;
				PRODUCT_NAME = "$(TARGET_NAME)";
				SWIFT_EMIT_LOC_STRINGS = NO;
				SWIFT_VERSION = 5.0;
				TARGETED_DEVICE_FAMILY = "1,2";
				TEST_HOST = "$(BUILT_PRODUCTS_DIR)/DuneScribe.app/$(BUNDLE_EXECUTABLE_FOLDER_PATH)/DuneScribe";
			};
			name = Debug;
		};
		86C4681D2A32F54C00F81EBA /* Release */ = {
			isa = XCBuildConfiguration;
			buildSettings = {
				ALWAYS_EMBED_SWIFT_STANDARD_LIBRARIES = YES;
				BUNDLE_LOADER = "$(TEST_HOST)";
				CODE_SIGN_STYLE = Automatic;
				CURRENT_PROJECT_VERSION = 1;
				DEVELOPMENT_TEAM = 573QX86S42;
				GENERATE_INFOPLIST_FILE = YES;
				IPHONEOS_DEPLOYMENT_TARGET = 16.2;
				MARKETING_VERSION = 1.0;
				PRODUCT_BUNDLE_IDENTIFIER = wrongsyntax.DuneScribeTests;
				PRODUCT_NAME = "$(TARGET_NAME)";
				SWIFT_EMIT_LOC_STRINGS = NO;
				SWIFT_VERSION = 5.0;
				TARGETED_DEVICE_FAMILY = "1,2";
				TEST_HOST = "$(BUILT_PRODUCTS_DIR)/DuneScribe.app/$(BUNDLE_EXECUTABLE_FOLDER_PATH)/DuneScribe";
			};
			name = Release;
		};
		86C4681F2A32F54C00F81EBA /* Debug */ = {
			isa = XCBuildConfiguration;
			buildSettings = {
				ALWAYS_EMBED_SWIFT_STANDARD_LIBRARIES = YES;
				CODE_SIGN_STYLE = Automatic;
				CURRENT_PROJECT_VERSION = 1;
				DEVELOPMENT_TEAM = 573QX86S42;
				GENERATE_INFOPLIST_FILE = YES;
				MARKETING_VERSION = 1.0;
				PRODUCT_BUNDLE_IDENTIFIER = wrongsyntax.DuneScribeUITests;
				PRODUCT_NAME = "$(TARGET_NAME)";
				SWIFT_EMIT_LOC_STRINGS = NO;
				SWIFT_VERSION = 5.0;
				TARGETED_DEVICE_FAMILY = "1,2";
				TEST_TARGET_NAME = DuneScribe;
			};
			name = Debug;
		};
		86C468202A32F54C00F81EBA /* Release */ = {
			isa = XCBuildConfiguration;
			buildSettings = {
				ALWAYS_EMBED_SWIFT_STANDARD_LIBRARIES = YES;
				CODE_SIGN_STYLE = Automatic;
				CURRENT_PROJECT_VERSION = 1;
				DEVELOPMENT_TEAM = 573QX86S42;
				GENERATE_INFOPLIST_FILE = YES;
				MARKETING_VERSION = 1.0;
				PRODUCT_BUNDLE_IDENTIFIER = wrongsyntax.DuneScribeUITests;
				PRODUCT_NAME = "$(TARGET_NAME)";
				SWIFT_EMIT_LOC_STRINGS = NO;
				SWIFT_VERSION = 5.0;
				TARGETED_DEVICE_FAMILY = "1,2";
				TEST_TARGET_NAME = DuneScribe;
			};
			name = Release;
		};
/* End XCBuildConfiguration section */

/* Begin XCConfigurationList section */
		86C467EF2A32F54700F81EBA /* Build configuration list for PBXProject "DuneScribe" */ = {
			isa = XCConfigurationList;
			buildConfigurations = (
				86C468162A32F54C00F81EBA /* Debug */,
				86C468172A32F54C00F81EBA /* Release */,
			);
			defaultConfigurationIsVisible = 0;
			defaultConfigurationName = Release;
		};
		86C468182A32F54C00F81EBA /* Build configuration list for PBXNativeTarget "DuneScribe" */ = {
			isa = XCConfigurationList;
			buildConfigurations = (
				86C468192A32F54C00F81EBA /* Debug */,
				86C4681A2A32F54C00F81EBA /* Release */,
			);
			defaultConfigurationIsVisible = 0;
			defaultConfigurationName = Release;
		};
		86C4681B2A32F54C00F81EBA /* Build configuration list for PBXNativeTarget "DuneScribeTests" */ = {
			isa = XCConfigurationList;
			buildConfigurations = (
				86C4681C2A32F54C00F81EBA /* Debug */,
				86C4681D2A32F54C00F81EBA /* Release */,
			);
			defaultConfigurationIsVisible = 0;
			defaultConfigurationName = Release;
		};
		86C4681E2A32F54C00F81EBA /* Build configuration list for PBXNativeTarget "DuneScribeUITests" */ = {
			isa = XCConfigurationList;
			buildConfigurations = (
				86C4681F2A32F54C00F81EBA /* Debug */,
				86C468202A32F54C00F81EBA /* Release */,
			);
			defaultConfigurationIsVisible = 0;
			defaultConfigurationName = Release;
		};
/* End XCConfigurationList section */
	};
	rootObject = 86C467EC2A32F54700F81EBA /* Project object */;
}
